
Microsoft Visual Studio Solution File, Format Version 12.00
# Visual Studio 15
VisualStudioVersion = 15.0.28307.136
MinimumVisualStudioVersion = 10.0.40219.1
Project("{9A19103F-16F7-4668-BE54-9A1E7A4F7556}") = "bookbooking.Web", "bookbooking\bookbooking.Web.csproj", "{49E9E6AA-585D-43B8-A0F9-FFCB780B9F2C}"
EndProject
Project("{9A19103F-16F7-4668-BE54-9A1E7A4F7556}") = "bookbooking.Data", "bookbooking.Data\bookbooking.Data.csproj", "{F8417E6F-382E-47B9-B85F-4A2358BB63E6}"
EndProject
Project("{9A19103F-16F7-4668-BE54-9A1E7A4F7556}") = "bookbooking.Service", "bookbooking.Service\bookbooking.Service.csproj", "{25E28844-B39F-486C-B02C-3F5481E8AE9E}"
EndProject
Project("{FAE04EC0-301F-11D3-BF4B-00C04F79EFBC}") = "bookbooking.Entity", "bookbooking.Entity\bookbooking.Entity.csproj", "{96FC19FF-C26E-45E0-9D16-14A7814B2F3A}"
EndProject
Project("{FAE04EC0-301F-11D3-BF4B-00C04F79EFBC}") = "bookbooking.Common", "bookbooking.Common\bookbooking.Common.csproj", "{B42640BF-F420-4D9C-A6AA-EF60B7F481C3}"
EndProject
Global
	GlobalSection(SolutionConfigurationPlatforms) = preSolution
		Debug|Any CPU = Debug|Any CPU
		Release|Any CPU = Release|Any CPU
	EndGlobalSection
	GlobalSection(ProjectConfigurationPlatforms) = postSolution
		{49E9E6AA-585D-43B8-A0F9-FFCB780B9F2C}.Debug|Any CPU.ActiveCfg = Debug|Any CPU
		{49E9E6AA-585D-43B8-A0F9-FFCB780B9F2C}.Debug|Any CPU.Build.0 = Debug|Any CPU
		{49E9E6AA-585D-43B8-A0F9-FFCB780B9F2C}.Release|Any CPU.ActiveCfg = Release|Any CPU
		{49E9E6AA-585D-43B8-A0F9-FFCB780B9F2C}.Release|Any CPU.Build.0 = Release|Any CPU
		{F8417E6F-382E-47B9-B85F-4A2358BB63E6}.Debug|Any CPU.ActiveCfg = Debug|Any CPU
		{F8417E6F-382E-47B9-B85F-4A2358BB63E6}.Debug|Any CPU.Build.0 = Debug|Any CPU
		{F8417E6F-382E-47B9-B85F-4A2358BB63E6}.Release|Any CPU.ActiveCfg = Release|Any CPU
		{F8417E6F-382E-47B9-B85F-4A2358BB63E6}.Release|Any CPU.Build.0 = Release|Any CPU
		{25E28844-B39F-486C-B02C-3F5481E8AE9E}.Debug|Any CPU.ActiveCfg = Debug|Any CPU
		{25E28844-B39F-486C-B02C-3F5481E8AE9E}.Debug|Any CPU.Build.0 = Debug|Any CPU
		{25E28844-B39F-486C-B02C-3F5481E8AE9E}.Release|Any CPU.ActiveCfg = Release|Any CPU
		{25E28844-B39F-486C-B02C-3F5481E8AE9E}.Release|Any CPU.Build.0 = Release|Any CPU
		{96FC19FF-C26E-45E0-9D16-14A7814B2F3A}.Debug|Any CPU.ActiveCfg = Debug|Any CPU
		{96FC19FF-C26E-45E0-9D16-14A7814B2F3A}.Debug|Any CPU.Build.0 = Debug|Any CPU
		{96FC19FF-C26E-45E0-9D16-14A7814B2F3A}.Release|Any CPU.ActiveCfg = Release|Any CPU
		{96FC19FF-C26E-45E0-9D16-14A7814B2F3A}.Release|Any CPU.Build.0 = Release|Any CPU
		{B42640BF-F420-4D9C-A6AA-EF60B7F481C3}.Debug|Any CPU.ActiveCfg = Debug|Any CPU
		{B42640BF-F420-4D9C-A6AA-EF60B7F481C3}.Debug|Any CPU.Build.0 = Debug|Any CPU
		{B42640BF-F420-4D9C-A6AA-EF60B7F481C3}.Release|Any CPU.ActiveCfg = Release|Any CPU
		{B42640BF-F420-4D9C-A6AA-EF60B7F481C3}.Release|Any CPU.Build.0 = Release|Any CPU
	EndGlobalSection
	GlobalSection(SolutionProperties) = preSolution
		HideSolutionNode = FALSE
	EndGlobalSection
	GlobalSection(ExtensibilityGlobals) = postSolution
		SolutionGuid = {64414E81-BEB7-4817-9090-246BC83FF265}
	EndGlobalSection
EndGlobal
